
Microsoft Visual Studio Solution File, Format Version 12.00
# Visual Studio Version 17
VisualStudioVersion = 17.9.34728.123
MinimumVisualStudioVersion = 10.0.40219.1
Project("{2150E333-8FDC-42A3-9474-1A3956D46DE8}") = "src", "src", "{3154E63B-73C8-4267-838D-60076BF2CEF1}"
EndProject
Project("{FAE04EC0-301F-11D3-BF4B-00C04F79EFBC}") = "ArraySum", "ArraySum\ArraySum.csproj", "{DBD08B3E-3263-4919-9A62-CAE9D4A72067}"
EndProject
Project("{FAE04EC0-301F-11D3-BF4B-00C04F79EFBC}") = "CRUD", "CRUD\CRUD.csproj", "{7ECCF491-6389-4788-96BD-BE2A792734A5}"
EndProject
Project("{FAE04EC0-301F-11D3-BF4B-00C04F79EFBC}") = "CRUD.Domain", "CRUD.Domain\CRUD.Domain.csproj", "{2C66E0B8-F81F-47C0-B8D2-3CC5E4ED2CBB}"
EndProject
Project("{FAE04EC0-301F-11D3-BF4B-00C04F79EFBC}") = "CRUD.Application", "CRUD.Application\CRUD.Application.csproj", "{3FDBD109-1345-4934-834B-73F3788E14C3}"
EndProject
Project("{FAE04EC0-301F-11D3-BF4B-00C04F79EFBC}") = "CRUD.Persistence", "CRUD.Persistence\CRUD.Persistence.csproj", "{68C9FB5E-2D03-4D2F-A0A5-E94FB287AFFB}"
EndProject
Project("{FAE04EC0-301F-11D3-BF4B-00C04F79EFBC}") = "ScratchCardConsumer", "ScratchCardConsumer\ScratchCardConsumer.csproj", "{9D041AA2-8C0C-45B7-91B6-151D737AB88D}"
EndProject
Global
	GlobalSection(SolutionConfigurationPlatforms) = preSolution
		Debug|Any CPU = Debug|Any CPU
		Release|Any CPU = Release|Any CPU
	EndGlobalSection
	GlobalSection(ProjectConfigurationPlatforms) = postSolution
		{DBD08B3E-3263-4919-9A62-CAE9D4A72067}.Debug|Any CPU.ActiveCfg = Debug|Any CPU
		{DBD08B3E-3263-4919-9A62-CAE9D4A72067}.Debug|Any CPU.Build.0 = Debug|Any CPU
		{DBD08B3E-3263-4919-9A62-CAE9D4A72067}.Release|Any CPU.ActiveCfg = Release|Any CPU
		{DBD08B3E-3263-4919-9A62-CAE9D4A72067}.Release|Any CPU.Build.0 = Release|Any CPU
		{7ECCF491-6389-4788-96BD-BE2A792734A5}.Debug|Any CPU.ActiveCfg = Debug|Any CPU
		{7ECCF491-6389-4788-96BD-BE2A792734A5}.Debug|Any CPU.Build.0 = Debug|Any CPU
		{7ECCF491-6389-4788-96BD-BE2A792734A5}.Release|Any CPU.ActiveCfg = Release|Any CPU
		{7ECCF491-6389-4788-96BD-BE2A792734A5}.Release|Any CPU.Build.0 = Release|Any CPU
		{2C66E0B8-F81F-47C0-B8D2-3CC5E4ED2CBB}.Debug|Any CPU.ActiveCfg = Debug|Any CPU
		{2C66E0B8-F81F-47C0-B8D2-3CC5E4ED2CBB}.Debug|Any CPU.Build.0 = Debug|Any CPU
		{2C66E0B8-F81F-47C0-B8D2-3CC5E4ED2CBB}.Release|Any CPU.ActiveCfg = Release|Any CPU
		{2C66E0B8-F81F-47C0-B8D2-3CC5E4ED2CBB}.Release|Any CPU.Build.0 = Release|Any CPU
		{3FDBD109-1345-4934-834B-73F3788E14C3}.Debug|Any CPU.ActiveCfg = Debug|Any CPU
		{3FDBD109-1345-4934-834B-73F3788E14C3}.Debug|Any CPU.Build.0 = Debug|Any CPU
		{3FDBD109-1345-4934-834B-73F3788E14C3}.Release|Any CPU.ActiveCfg = Release|Any CPU
		{3FDBD109-1345-4934-834B-73F3788E14C3}.Release|Any CPU.Build.0 = Release|Any CPU
		{68C9FB5E-2D03-4D2F-A0A5-E94FB287AFFB}.Debug|Any CPU.ActiveCfg = Debug|Any CPU
		{68C9FB5E-2D03-4D2F-A0A5-E94FB287AFFB}.Debug|Any CPU.Build.0 = Debug|Any CPU
		{68C9FB5E-2D03-4D2F-A0A5-E94FB287AFFB}.Release|Any CPU.ActiveCfg = Release|Any CPU
		{68C9FB5E-2D03-4D2F-A0A5-E94FB287AFFB}.Release|Any CPU.Build.0 = Release|Any CPU
		{9D041AA2-8C0C-45B7-91B6-151D737AB88D}.Debug|Any CPU.ActiveCfg = Debug|Any CPU
		{9D041AA2-8C0C-45B7-91B6-151D737AB88D}.Debug|Any CPU.Build.0 = Debug|Any CPU
		{9D041AA2-8C0C-45B7-91B6-151D737AB88D}.Release|Any CPU.ActiveCfg = Release|Any CPU
		{9D041AA2-8C0C-45B7-91B6-151D737AB88D}.Release|Any CPU.Build.0 = Release|Any CPU
	EndGlobalSection
	GlobalSection(SolutionProperties) = preSolution
		HideSolutionNode = FALSE
	EndGlobalSection
	GlobalSection(NestedProjects) = preSolution
		{DBD08B3E-3263-4919-9A62-CAE9D4A72067} = {3154E63B-73C8-4267-838D-60076BF2CEF1}
		{7ECCF491-6389-4788-96BD-BE2A792734A5} = {3154E63B-73C8-4267-838D-60076BF2CEF1}
		{2C66E0B8-F81F-47C0-B8D2-3CC5E4ED2CBB} = {3154E63B-73C8-4267-838D-60076BF2CEF1}
		{3FDBD109-1345-4934-834B-73F3788E14C3} = {3154E63B-73C8-4267-838D-60076BF2CEF1}
		{68C9FB5E-2D03-4D2F-A0A5-E94FB287AFFB} = {3154E63B-73C8-4267-838D-60076BF2CEF1}
		{9D041AA2-8C0C-45B7-91B6-151D737AB88D} = {3154E63B-73C8-4267-838D-60076BF2CEF1}
	EndGlobalSection
	GlobalSection(ExtensibilityGlobals) = postSolution
		SolutionGuid = {0446F8A8-FEED-47A2-9426-0C95C41D505B}
	EndGlobalSection
EndGlobal
